
Microsoft Visual Studio Solution File, Format Version 12.00
# Visual Studio Version 17
VisualStudioVersion = 17.5.33516.290
MinimumVisualStudioVersion = 10.0.40219.1
Project("{9A19103F-16F7-4668-BE54-9A1E7A4F7556}") = "Mercadona", "Mercadona\Mercadona.csproj", "{1190BDEB-1D3D-4FD0-98DD-185CDF96C683}"
EndProject
Global
	GlobalSection(SolutionConfigurationPlatforms) = preSolution
		Debug|Any CPU = Debug|Any CPU
		Release|Any CPU = Release|Any CPU
	EndGlobalSection
	GlobalSection(ProjectConfigurationPlatforms) = postSolution
		{1190BDEB-1D3D-4FD0-98DD-185CDF96C683}.Debug|Any CPU.ActiveCfg = Debug|Any CPU
		{1190BDEB-1D3D-4FD0-98DD-185CDF96C683}.Debug|Any CPU.Build.0 = Debug|Any CPU
		{1190BDEB-1D3D-4FD0-98DD-185CDF96C683}.Release|Any CPU.ActiveCfg = Release|Any CPU
		{1190BDEB-1D3D-4FD0-98DD-185CDF96C683}.Release|Any CPU.Build.0 = Release|Any CPU
		{A1ED4FE4-3C5A-467B-ADCC-FA08926D7950}.Debug|Any CPU.ActiveCfg = Debug|Any CPU
		{A1ED4FE4-3C5A-467B-ADCC-FA08926D7950}.Debug|Any CPU.Build.0 = Debug|Any CPU
		{A1ED4FE4-3C5A-467B-ADCC-FA08926D7950}.Release|Any CPU.ActiveCfg = Release|Any CPU
		{A1ED4FE4-3C5A-467B-ADCC-FA08926D7950}.Release|Any CPU.Build.0 = Release|Any CPU
	EndGlobalSection
	GlobalSection(SolutionProperties) = preSolution
		HideSolutionNode = FALSE
	EndGlobalSection
	GlobalSection(ExtensibilityGlobals) = postSolution
		SolutionGuid = {8B948A3B-82E7-4BAA-AF32-78FF094F4340}
	EndGlobalSection
EndGlobal
